
Microsoft Visual Studio Solution File, Format Version 12.00
# Visual Studio 15
VisualStudioVersion = 15.0.28010.2019
MinimumVisualStudioVersion = 10.0.40219.1
Project("{FAE04EC0-301F-11D3-BF4B-00C04F79EFBC}") = "Angular2MVC", "Angular2MVC\Angular2MVC.csproj", "{8B7B5026-7204-4997-A08A-C559E1DF298E}"
EndProject
Project("{FAE04EC0-301F-11D3-BF4B-00C04F79EFBC}") = "Angular2MVC.Tests", "Angular2MVC.Tests\Angular2MVC.Tests.csproj", "{C0E584F2-DA6C-4B77-89DB-6A909C77EF55}"
EndProject
Global
	GlobalSection(SolutionConfigurationPlatforms) = preSolution
		Debug|Any CPU = Debug|Any CPU
		Release|Any CPU = Release|Any CPU
	EndGlobalSection
	GlobalSection(ProjectConfigurationPlatforms) = postSolution
		{8B7B5026-7204-4997-A08A-C559E1DF298E}.Debug|Any CPU.ActiveCfg = Debug|Any CPU
		{8B7B5026-7204-4997-A08A-C559E1DF298E}.Debug|Any CPU.Build.0 = Debug|Any CPU
		{8B7B5026-7204-4997-A08A-C559E1DF298E}.Release|Any CPU.ActiveCfg = Release|Any CPU
		{8B7B5026-7204-4997-A08A-C559E1DF298E}.Release|Any CPU.Build.0 = Release|Any CPU
		{C0E584F2-DA6C-4B77-89DB-6A909C77EF55}.Debug|Any CPU.ActiveCfg = Debug|Any CPU
		{C0E584F2-DA6C-4B77-89DB-6A909C77EF55}.Debug|Any CPU.Build.0 = Debug|Any CPU
		{C0E584F2-DA6C-4B77-89DB-6A909C77EF55}.Release|Any CPU.ActiveCfg = Release|Any CPU
		{C0E584F2-DA6C-4B77-89DB-6A909C77EF55}.Release|Any CPU.Build.0 = Release|Any CPU
	EndGlobalSection
	GlobalSection(SolutionProperties) = preSolution
		HideSolutionNode = FALSE
	EndGlobalSection
	GlobalSection(ExtensibilityGlobals) = postSolution
		SolutionGuid = {C3765E2E-68DC-45C2-8656-2AC3C6725ACD}
	EndGlobalSection
EndGlobal
